
Microsoft Visual Studio Solution File, Format Version 11.00
# Visual C++ Express 2010
Project("{8BC9CEB8-8B4A-11D0-8D11-00A0C91BC942}") = "RegEx", "RegEx\RegEx.vcxproj", "{CB994DDE-0C7D-4AC4-BEBA-E469D349C306}"
EndProject
Global
	GlobalSection(SolutionConfigurationPlatforms) = preSolution
		Debug|Win32 = Debug|Win32
		Release|Win32 = Release|Win32
	EndGlobalSection
	GlobalSection(ProjectConfigurationPlatforms) = postSolution
		{CB994DDE-0C7D-4AC4-BEBA-E469D349C306}.Debug|Win32.ActiveCfg = Debug|Win32
		{CB994DDE-0C7D-4AC4-BEBA-E469D349C306}.Debug|Win32.Build.0 = Debug|Win32
		{CB994DDE-0C7D-4AC4-BEBA-E469D349C306}.Release|Win32.ActiveCfg = Release|Win32
		{CB994DDE-0C7D-4AC4-BEBA-E469D349C306}.Release|Win32.Build.0 = Release|Win32
	EndGlobalSection
	GlobalSection(SolutionProperties) = preSolution
		HideSolutionNode = FALSE
	EndGlobalSection
EndGlobal
